
Microsoft Visual Studio Solution File, Format Version 12.00
# Visual Studio Version 17
VisualStudioVersion = 17.14.36717.8
MinimumVisualStudioVersion = 10.0.40219.1
Project("{FAE04EC0-301F-11D3-BF4B-00C04F79EFBC}") = "BolaoWebAPI.Infrastructure", "BolaoWebAPI.Infrastructure\BolaoWebAPI.Infrastructure.csproj", "{B579C0ED-5AB8-4012-B5A2-43AEE1BB1CD8}"
EndProject
Project("{FAE04EC0-301F-11D3-BF4B-00C04F79EFBC}") = "BolaoWebAPI.Domain", "BolaoWebAPI.Domain\BolaoWebAPI.Domain.csproj", "{CBCC75D3-5380-4140-BB7B-3C5B47EE99F0}"
EndProject
Project("{FAE04EC0-301F-11D3-BF4B-00C04F79EFBC}") = "BolaoWebAPI.Api", "BolaoWebAPI.Api\BolaoWebAPI.Api.csproj", "{36F219B1-D0F0-4D55-8B5C-D0AE90F24DC8}"
EndProject
Global
	GlobalSection(SolutionConfigurationPlatforms) = preSolution
		Debug|Any CPU = Debug|Any CPU
		Release|Any CPU = Release|Any CPU
	EndGlobalSection
	GlobalSection(ProjectConfigurationPlatforms) = postSolution
		{B579C0ED-5AB8-4012-B5A2-43AEE1BB1CD8}.Debug|Any CPU.ActiveCfg = Debug|Any CPU
		{B579C0ED-5AB8-4012-B5A2-43AEE1BB1CD8}.Debug|Any CPU.Build.0 = Debug|Any CPU
		{B579C0ED-5AB8-4012-B5A2-43AEE1BB1CD8}.Release|Any CPU.ActiveCfg = Release|Any CPU
		{B579C0ED-5AB8-4012-B5A2-43AEE1BB1CD8}.Release|Any CPU.Build.0 = Release|Any CPU
		{CBCC75D3-5380-4140-BB7B-3C5B47EE99F0}.Debug|Any CPU.ActiveCfg = Debug|Any CPU
		{CBCC75D3-5380-4140-BB7B-3C5B47EE99F0}.Debug|Any CPU.Build.0 = Debug|Any CPU
		{CBCC75D3-5380-4140-BB7B-3C5B47EE99F0}.Release|Any CPU.ActiveCfg = Release|Any CPU
		{CBCC75D3-5380-4140-BB7B-3C5B47EE99F0}.Release|Any CPU.Build.0 = Release|Any CPU
		{36F219B1-D0F0-4D55-8B5C-D0AE90F24DC8}.Debug|Any CPU.ActiveCfg = Debug|Any CPU
		{36F219B1-D0F0-4D55-8B5C-D0AE90F24DC8}.Debug|Any CPU.Build.0 = Debug|Any CPU
		{36F219B1-D0F0-4D55-8B5C-D0AE90F24DC8}.Release|Any CPU.ActiveCfg = Release|Any CPU
		{36F219B1-D0F0-4D55-8B5C-D0AE90F24DC8}.Release|Any CPU.Build.0 = Release|Any CPU
	EndGlobalSection
	GlobalSection(SolutionProperties) = preSolution
		HideSolutionNode = FALSE
	EndGlobalSection
	GlobalSection(ExtensibilityGlobals) = postSolution
		SolutionGuid = {FBD71247-45A4-4ECD-8CD4-BA31C3B339E5}
	EndGlobalSection
EndGlobal
